
Microsoft Visual Studio Solution File, Format Version 12.00
# Visual Studio Version 16
VisualStudioVersion = 16.0.30503.244
MinimumVisualStudioVersion = 10.0.40219.1
Project("{9A19103F-16F7-4668-BE54-9A1E7A4F7556}") = "PharmaRestAPI", "PharmaRestAPI\PharmaRestAPI.csproj", "{3AD60294-01E1-4984-A30D-17CFCAFA5F7F}"
EndProject
Project("{9A19103F-16F7-4668-BE54-9A1E7A4F7556}") = "IdentityServer", "IdentityServer\IdentityServer.csproj", "{5E751807-06FE-418B-9F7F-83710C2F0A2C}"
EndProject
Global
	GlobalSection(SolutionConfigurationPlatforms) = preSolution
		Debug|Any CPU = Debug|Any CPU
		Release|Any CPU = Release|Any CPU
	EndGlobalSection
	GlobalSection(ProjectConfigurationPlatforms) = postSolution
		{3AD60294-01E1-4984-A30D-17CFCAFA5F7F}.Debug|Any CPU.ActiveCfg = Debug|Any CPU
		{3AD60294-01E1-4984-A30D-17CFCAFA5F7F}.Debug|Any CPU.Build.0 = Debug|Any CPU
		{3AD60294-01E1-4984-A30D-17CFCAFA5F7F}.Release|Any CPU.ActiveCfg = Release|Any CPU
		{3AD60294-01E1-4984-A30D-17CFCAFA5F7F}.Release|Any CPU.Build.0 = Release|Any CPU
		{5E751807-06FE-418B-9F7F-83710C2F0A2C}.Debug|Any CPU.ActiveCfg = Debug|Any CPU
		{5E751807-06FE-418B-9F7F-83710C2F0A2C}.Debug|Any CPU.Build.0 = Debug|Any CPU
		{5E751807-06FE-418B-9F7F-83710C2F0A2C}.Release|Any CPU.ActiveCfg = Release|Any CPU
		{5E751807-06FE-418B-9F7F-83710C2F0A2C}.Release|Any CPU.Build.0 = Release|Any CPU
	EndGlobalSection
	GlobalSection(SolutionProperties) = preSolution
		HideSolutionNode = FALSE
	EndGlobalSection
	GlobalSection(ExtensibilityGlobals) = postSolution
		SolutionGuid = {09167EA3-41D5-4E96-A1AE-5CA97D1B6076}
	EndGlobalSection
EndGlobal
